
Microsoft Visual Studio Solution File, Format Version 12.00
# Visual Studio Version 16
VisualStudioVersion = 16.0.30114.105
MinimumVisualStudioVersion = 10.0.40219.1
Project("{9A19103F-16F7-4668-BE54-9A1E7A4F7556}") = "ContosoUniversity", "ContosoUniversity.csproj", "{165B5734-0E2C-464F-982F-F689BF8A24DF}"
EndProject
Global
	GlobalSection(SolutionConfigurationPlatforms) = preSolution
		Debug|Any CPU = Debug|Any CPU
		Release|Any CPU = Release|Any CPU
	EndGlobalSection
	GlobalSection(ProjectConfigurationPlatforms) = postSolution
		{165B5734-0E2C-464F-982F-F689BF8A24DF}.Debug|Any CPU.ActiveCfg = Debug|Any CPU
		{165B5734-0E2C-464F-982F-F689BF8A24DF}.Debug|Any CPU.Build.0 = Debug|Any CPU
		{165B5734-0E2C-464F-982F-F689BF8A24DF}.Release|Any CPU.ActiveCfg = Release|Any CPU
		{165B5734-0E2C-464F-982F-F689BF8A24DF}.Release|Any CPU.Build.0 = Release|Any CPU
	EndGlobalSection
	GlobalSection(SolutionProperties) = preSolution
		HideSolutionNode = FALSE
	EndGlobalSection
	GlobalSection(ExtensibilityGlobals) = postSolution
		SolutionGuid = {0C6684E2-F5BC-46A0-B048-7F7F7AB54F1F}
	EndGlobalSection
EndGlobal
